
Microsoft Visual Studio Solution File, Format Version 12.00
# Visual Studio Version 16
VisualStudioVersion = 16.0.32510.428
MinimumVisualStudioVersion = 10.0.40219.1
Project("{FAE04EC0-301F-11D3-BF4B-00C04F79EFBC}") = "clothing-store", "clothing-store.csproj", "{879AAF43-653E-43D6-A5EB-55EA8F084F6B}"
EndProject
Global
	GlobalSection(SolutionConfigurationPlatforms) = preSolution
		Debug|Any CPU = Debug|Any CPU
		Release|Any CPU = Release|Any CPU
	EndGlobalSection
	GlobalSection(ProjectConfigurationPlatforms) = postSolution
		{879AAF43-653E-43D6-A5EB-55EA8F084F6B}.Debug|Any CPU.ActiveCfg = Debug|Any CPU
		{879AAF43-653E-43D6-A5EB-55EA8F084F6B}.Debug|Any CPU.Build.0 = Debug|Any CPU
		{879AAF43-653E-43D6-A5EB-55EA8F084F6B}.Release|Any CPU.ActiveCfg = Release|Any CPU
		{879AAF43-653E-43D6-A5EB-55EA8F084F6B}.Release|Any CPU.Build.0 = Release|Any CPU
	EndGlobalSection
	GlobalSection(SolutionProperties) = preSolution
		HideSolutionNode = FALSE
	EndGlobalSection
	GlobalSection(ExtensibilityGlobals) = postSolution
		SolutionGuid = {8705CB41-F5E3-4355-A547-40F7C04A9274}
	EndGlobalSection
EndGlobal
